
Microsoft Visual Studio Solution File, Format Version 12.00
# Visual Studio Version 17
VisualStudioVersion = 17.8.34525.116
MinimumVisualStudioVersion = 10.0.40219.1
Project("{9A19103F-16F7-4668-BE54-9A1E7A4F7556}") = "LinqProject", "LinqProject\LinqProject.csproj", "{9ECD9962-0310-4EB2-B7B3-CB2980FE4F17}"
EndProject
Project("{FAE04EC0-301F-11D3-BF4B-00C04F79EFBC}") = "KodlamaIo", "KodlamaIo\KodlamaIo.csproj", "{30041C6E-38B0-4AFC-B5D3-DC453BD78B24}"
EndProject
Global
	GlobalSection(SolutionConfigurationPlatforms) = preSolution
		Debug|Any CPU = Debug|Any CPU
		Release|Any CPU = Release|Any CPU
	EndGlobalSection
	GlobalSection(ProjectConfigurationPlatforms) = postSolution
		{9ECD9962-0310-4EB2-B7B3-CB2980FE4F17}.Debug|Any CPU.ActiveCfg = Debug|Any CPU
		{9ECD9962-0310-4EB2-B7B3-CB2980FE4F17}.Debug|Any CPU.Build.0 = Debug|Any CPU
		{9ECD9962-0310-4EB2-B7B3-CB2980FE4F17}.Release|Any CPU.ActiveCfg = Release|Any CPU
		{9ECD9962-0310-4EB2-B7B3-CB2980FE4F17}.Release|Any CPU.Build.0 = Release|Any CPU
		{30041C6E-38B0-4AFC-B5D3-DC453BD78B24}.Debug|Any CPU.ActiveCfg = Debug|Any CPU
		{30041C6E-38B0-4AFC-B5D3-DC453BD78B24}.Debug|Any CPU.Build.0 = Debug|Any CPU
		{30041C6E-38B0-4AFC-B5D3-DC453BD78B24}.Release|Any CPU.ActiveCfg = Release|Any CPU
		{30041C6E-38B0-4AFC-B5D3-DC453BD78B24}.Release|Any CPU.Build.0 = Release|Any CPU
	EndGlobalSection
	GlobalSection(SolutionProperties) = preSolution
		HideSolutionNode = FALSE
	EndGlobalSection
	GlobalSection(ExtensibilityGlobals) = postSolution
		SolutionGuid = {F7895928-B9F9-4275-9F6C-1E0D58F922DB}
	EndGlobalSection
EndGlobal
